// !$*UTF8*$!
{
	archiveVersion = 1;
	classes = {
	};
	objectVersion = 48;
	objects = {

/* Begin PBXBuildFile section */
		32A767CA1FA76B6900B46368 /* AppDelegate.m in Sources */ = {isa = PBXBuildFile; fileRef = 32A767C91FA76B6900B46368 /* AppDelegate.m */; };
		32A767CD1FA76B6900B46368 /* ViewController.m in Sources */ = {isa = PBXBuildFile; fileRef = 32A767CC1FA76B6900B46368 /* ViewController.m */; };
		32A767D01FA76B6900B46368 /* Main.storyboard in Resources */ = {isa = PBXBuildFile; fileRef = 32A767CE1FA76B6900B46368 /* Main.storyboard */; };
		32A767D21FA76B6900B46368 /* Assets.xcassets in Resources */ = {isa = PBXBuildFile; fileRef = 32A767D11FA76B6900B46368 /* Assets.xcassets */; };
		32A767D51FA76B6900B46368 /* LaunchScreen.storyboard in Resources */ = {isa = PBXBuildFile; fileRef = 32A767D31FA76B6900B46368 /* LaunchScreen.storyboard */; };
		32A767D81FA76B6900B46368 /* main.m in Sources */ = {isa = PBXBuildFile; fileRef = 32A767D71FA76B6900B46368 /* main.m */; };
		32A767E21FA76B6900B46368 /* WBTabbarTests.m in Sources */ = {isa = PBXBuildFile; fileRef = 32A767E11FA76B6900B46368 /* WBTabbarTests.m */; };
		32A767ED1FA76B6900B46368 /* WBTabbarUITests.m in Sources */ = {isa = PBXBuildFile; fileRef = 32A767EC1FA76B6900B46368 /* WBTabbarUITests.m */; };
/* End PBXBuildFile section */

/* Begin PBXContainerItemProxy section */
		32A767DE1FA76B6900B46368 /* PBXContainerItemProxy */ = {
			isa = PBXContainerItemProxy;
			containerPortal = 32A767BD1FA76B6900B46368 /* Project object */;
			proxyType = 1;
			remoteGlobalIDString = 32A767C41FA76B6900B46368;
			remoteInfo = WBTabbar;
		};
		32A767E91FA76B6900B46368 /* PBXContainerItemProxy */ = {
			isa = PBXContainerItemProxy;
			containerPortal = 32A767BD1FA76B6900B46368 /* Project object */;
			proxyType = 1;
			remoteGlobalIDString = 32A767C41FA76B6900B46368;
			remoteInfo = WBTabbar;
		};
/* End PBXContainerItemProxy section */

/* Begin PBXFileReference section */
		32A767C51FA76B6900B46368 /* WBTabbar.app */ = {isa = PBXFileReference; explicitFileType = wrapper.application; includeInIndex = 0; path = WBTabbar.app; sourceTree = BUILT_PRODUCTS_DIR; };
		32A767C81FA76B6900B46368 /* AppDelegate.h */ = {isa = PBXFileReference; lastKnownFileType = sourcecode.c.h; path = AppDelegate.h; sourceTree = "<group>"; };
		32A767C91FA76B6900B46368 /* AppDelegate.m */ = {isa = PBXFileReference; lastKnownFileType = sourcecode.c.objc; path = AppDelegate.m; sourceTree = "<group>"; };
		32A767CB1FA76B6900B46368 /* ViewController.h */ = {isa = PBXFileReference; lastKnownFileType = sourcecode.c.h; path = ViewController.h; sourceTree = "<group>"; };
		32A767CC1FA76B6900B46368 /* ViewController.m */ = {isa = PBXFileReference; lastKnownFileType = sourcecode.c.objc; path = ViewController.m; sourceTree = "<group>"; };
		32A767CF1FA76B6900B46368 /* Base */ = {isa = PBXFileReference; lastKnownFileType = file.storyboard; name = Base; path = Base.lproj/Main.storyboard; sourceTree = "<group>"; };
		32A767D11FA76B6900B46368 /* Assets.xcassets */ = {isa = PBXFileReference; lastKnownFileType = folder.assetcatalog; path = Assets.xcassets; sourceTree = "<group>"; };
		32A767D41FA76B6900B46368 /* Base */ = {isa = PBXFileReference; lastKnownFileType = file.storyboard; name = Base; path = Base.lproj/LaunchScreen.storyboard; sourceTree = "<group>"; };
		32A767D61FA76B6900B46368 /* Info.plist */ = {isa = PBXFileReference; lastKnownFileType = text.plist.xml; path = Info.plist; sourceTree = "<group>"; };
		32A767D71FA76B6900B46368 /* main.m */ = {isa = PBXFileReference; lastKnownFileType = sourcecode.c.objc; path = main.m; sourceTree = "<group>"; };
		32A767DD1FA76B6900B46368 /* WBTabbarTests.xctest */ = {isa = PBXFileReference; explicitFileType = wrapper.cfbundle; includeInIndex = 0; path = WBTabbarTests.xctest; sourceTree = BUILT_PRODUCTS_DIR; };
		32A767E11FA76B6900B46368 /* WBTabbarTests.m */ = {isa = PBXFileReference; lastKnownFileType = sourcecode.c.objc; path = WBTabbarTests.m; sourceTree = "<group>"; };
		32A767E31FA76B6900B46368 /* Info.plist */ = {isa = PBXFileReference; lastKnownFileType = text.plist.xml; path = Info.plist; sourceTree = "<group>"; };
		32A767E81FA76B6900B46368 /* WBTabbarUITests.xctest */ = {isa = PBXFileReference; explicitFileType = wrapper.cfbundle; includeInIndex = 0; path = WBTabbarUITests.xctest; sourceTree = BUILT_PRODUCTS_DIR; };
		32A767EC1FA76B6900B46368 /* WBTabbarUITests.m */ = {isa = PBXFileReference; lastKnownFileType = sourcecode.c.objc; path = WBTabbarUITests.m; sourceTree = "<group>"; };
		32A767EE1FA76B6900B46368 /* Info.plist */ = {isa = PBXFileReference; lastKnownFileType = text.plist.xml; path = Info.plist; sourceTree = "<group>"; };
/* End PBXFileReference section */

/* Begin PBXFrameworksBuildPhase section */
		32A767C21FA76B6900B46368 /* Frameworks */ = {
			isa = PBXFrameworksBuildPhase;
			buildActionMask = 2147483647;
			files = (
			);
			runOnlyForDeploymentPostprocessing = 0;
		};
		32A767DA1FA76B6900B46368 /* Frameworks */ = {
			isa = PBXFrameworksBuildPhase;
			buildActionMask = 2147483647;
			files = (
			);
			runOnlyForDeploymentPostprocessing = 0;
		};
		32A767E51FA76B6900B46368 /* Frameworks */ = {
			isa = PBXFrameworksBuildPhase;
			buildActionMask = 2147483647;
			files = (
			);
			runOnlyForDeploymentPostprocessing = 0;
		};
/* End PBXFrameworksBuildPhase section */

/* Begin PBXGroup section */
		32A767BC1FA76B6900B46368 = {
			isa = PBXGroup;
			children = (
				32A767C71FA76B6900B46368 /* WBTabbar */,
				32A767E01FA76B6900B46368 /* WBTabbarTests */,
				32A767EB1FA76B6900B46368 /* WBTabbarUITests */,
				32A767C61FA76B6900B46368 /* Products */,
			);
			sourceTree = "<group>";
		};
		32A767C61FA76B6900B46368 /* Products */ = {
			isa = PBXGroup;
			children = (
				32A767C51FA76B6900B46368 /* WBTabbar.app */,
				32A767DD1FA76B6900B46368 /* WBTabbarTests.xctest */,
				32A767E81FA76B6900B46368 /* WBTabbarUITests.xctest */,
			);
			name = Products;
			sourceTree = "<group>";
		};
		32A767C71FA76B6900B46368 /* WBTabbar */ = {
			isa = PBXGroup;
			children = (
				32A767C81FA76B6900B46368 /* AppDelegate.h */,
				32A767C91FA76B6900B46368 /* AppDelegate.m */,
				32A767CB1FA76B6900B46368 /* ViewController.h */,
				32A767CC1FA76B6900B46368 /* ViewController.m */,
				32A767CE1FA76B6900B46368 /* Main.storyboard */,
				32A767D11FA76B6900B46368 /* Assets.xcassets */,
				32A767D31FA76B6900B46368 /* LaunchScreen.storyboard */,
				32A767D61FA76B6900B46368 /* Info.plist */,
				32A767D71FA76B6900B46368 /* main.m */,
			);
			path = WBTabbar;
			sourceTree = "<group>";
		};
		32A767E01FA76B6900B46368 /* WBTabbarTests */ = {
			isa = PBXGroup;
			children = (
				32A767E11FA76B6900B46368 /* WBTabbarTests.m */,
				32A767E31FA76B6900B46368 /* Info.plist */,
			);
			path = WBTabbarTests;
			sourceTree = "<group>";
		};
		32A767EB1FA76B6900B46368 /* WBTabbarUITests */ = {
			isa = PBXGroup;
			children = (
				32A767EC1FA76B6900B46368 /* WBTabbarUITests.m */,
				32A767EE1FA76B6900B46368 /* Info.plist */,
			);
			path = WBTabbarUITests;
			sourceTree = "<group>";
		};
/* End PBXGroup section */

/* Begin PBXNativeTarget section */
		32A767C41FA76B6900B46368 /* WBTabbar */ = {
			isa = PBXNativeTarget;
			buildConfigurationList = 32A767F11FA76B6900B46368 /* Build configuration list for PBXNativeTarget "WBTabbar" */;
			buildPhases = (
				32A767C11FA76B6900B46368 /* Sources */,
				32A767C21FA76B6900B46368 /* Frameworks */,
				32A767C31FA76B6900B46368 /* Resources */,
			);
			buildRules = (
			);
			dependencies = (
			);
			name = WBTabbar;
			productName = WBTabbar;
			productReference = 32A767C51FA76B6900B46368 /* WBTabbar.app */;
			productType = "com.apple.product-type.application";
		};
		32A767DC1FA76B6900B46368 /* WBTabbarTests */ = {
			isa = PBXNativeTarget;
			buildConfigurationList = 32A767F41FA76B6900B46368 /* Build configuration list for PBXNativeTarget "WBTabbarTests" */;
			buildPhases = (
				32A767D91FA76B6900B46368 /* Sources */,
				32A767DA1FA76B6900B46368 /* Frameworks */,
				32A767DB1FA76B6900B46368 /* Resources */,
			);
			buildRules = (
			);
			dependencies = (
				32A767DF1FA76B6900B46368 /* PBXTargetDependency */,
			);
			name = WBTabbarTests;
			productName = WBTabbarTests;
			productReference = 32A767DD1FA76B6900B46368 /* WBTabbarTests.xctest */;
			productType = "com.apple.product-type.bundle.unit-test";
		};
		32A767E71FA76B6900B46368 /* WBTabbarUITests */ = {
			isa = PBXNativeTarget;
			buildConfigurationList = 32A767F71FA76B6900B46368 /* Build configuration list for PBXNativeTarget "WBTabbarUITests" */;
			buildPhases = (
				32A767E41FA76B6900B46368 /* Sources */,
				32A767E51FA76B6900B46368 /* Frameworks */,
				32A767E61FA76B6900B46368 /* Resources */,
			);
			buildRules = (
			);
			dependencies = (
				32A767EA1FA76B6900B46368 /* PBXTargetDependency */,
			);
			name = WBTabbarUITests;
			productName = WBTabbarUITests;
			productReference = 32A767E81FA76B6900B46368 /* WBTabbarUITests.xctest */;
			productType = "com.apple.product-type.bundle.ui-testing";
		};
/* End PBXNativeTarget section */

/* Begin PBXProject section */
		32A767BD1FA76B6900B46368 /* Project object */ = {
			isa = PBXProject;
			attributes = {
				LastUpgradeCheck = 0900;
				ORGANIZATIONNAME = WBO;
				TargetAttributes = {
					32A767C41FA76B6900B46368 = {
						CreatedOnToolsVersion = 9.0.1;
						ProvisioningStyle = Automatic;
					};
					32A767DC1FA76B6900B46368 = {
						CreatedOnToolsVersion = 9.0.1;
						ProvisioningStyle = Automatic;
						TestTargetID = 32A767C41FA76B6900B46368;
					};
					32A767E71FA76B6900B46368 = {
						CreatedOnToolsVersion = 9.0.1;
						ProvisioningStyle = Automatic;
						TestTargetID = 32A767C41FA76B6900B46368;
					};
				};
			};
			buildConfigurationList = 32A767C01FA76B6900B46368 /* Build configuration list for PBXProject "WBTabbar" */;
			compatibilityVersion = "Xcode 8.0";
			developmentRegion = en;
			hasScannedForEncodings = 0;
			knownRegions = (
				en,
				Base,
			);
			mainGroup = 32A767BC1FA76B6900B46368;
			productRefGroup = 32A767C61FA76B6900B46368 /* Products */;
			projectDirPath = "";
			projectRoot = "";
			targets = (
				32A767C41FA76B6900B46368 /* WBTabbar */,
				32A767DC1FA76B6900B46368 /* WBTabbarTests */,
				32A767E71FA76B6900B46368 /* WBTabbarUITests */,
			);
		};
/* End PBXProject section */

/* Begin PBXResourcesBuildPhase section */
		32A767C31FA76B6900B46368 /* Resources */ = {
			isa = PBXResourcesBuildPhase;
			buildActionMask = 2147483647;
			files = (
				32A767D51FA76B6900B46368 /* LaunchScreen.storyboard in Resources */,
				32A767D21FA76B6900B46368 /* Assets.xcassets in Resources */,
				32A767D01FA76B6900B46368 /* Main.storyboard in Resources */,
			);
			runOnlyForDeploymentPostprocessing = 0;
		};
		32A767DB1FA76B6900B46368 /* Resources */ = {
			isa = PBXResourcesBuildPhase;
			buildActionMask = 2147483647;
			files = (
			);
			runOnlyForDeploymentPostprocessing = 0;
		};
		32A767E61FA76B6900B46368 /* Resources */ = {
			isa = PBXResourcesBuildPhase;
			buildActionMask = 2147483647;
			files = (
			);
			runOnlyForDeploymentPostprocessing = 0;
		};
/* End PBXResourcesBuildPhase section */

/* Begin PBXSourcesBuildPhase section */
		32A767C11FA76B6900B46368 /* Sources */ = {
			isa = PBXSourcesBuildPhase;
			buildActionMask = 2147483647;
			files = (
				32A767CD1FA76B6900B46368 /* ViewController.m in Sources */,
				32A767D81FA76B6900B46368 /* main.m in Sources */,
				32A767CA1FA76B6900B46368 /* AppDelegate.m in Sources */,
			);
			runOnlyForDeploymentPostprocessing = 0;
		};
		32A767D91FA76B6900B46368 /* Sources */ = {
			isa = PBXSourcesBuildPhase;
			buildActionMask = 2147483647;
			files = (
				32A767E21FA76B6900B46368 /* WBTabbarTests.m in Sources */,
			);
			runOnlyForDeploymentPostprocessing = 0;
		};
		32A767E41FA76B6900B46368 /* Sources */ = {
			isa = PBXSourcesBuildPhase;
			buildActionMask = 2147483647;
			files = (
				32A767ED1FA76B6900B46368 /* WBTabbarUITests.m in Sources */,
			);
			runOnlyForDeploymentPostprocessing = 0;
		};
/* End PBXSourcesBuildPhase section */

/* Begin PBXTargetDependency section */
		32A767DF1FA76B6900B46368 /* PBXTargetDependency */ = {
			isa = PBXTargetDependency;
			target = 32A767C41FA76B6900B46368 /* WBTabbar */;
			targetProxy = 32A767DE1FA76B6900B46368 /* PBXContainerItemProxy */;
		};
		32A767EA1FA76B6900B46368 /* PBXTargetDependency */ = {
			isa = PBXTargetDependency;
			target = 32A767C41FA76B6900B46368 /* WBTabbar */;
			targetProxy = 32A767E91FA76B6900B46368 /* PBXContainerItemProxy */;
		};
/* End PBXTargetDependency section */

/* Begin PBXVariantGroup section */
		32A767CE1FA76B6900B46368 /* Main.storyboard */ = {
			isa = PBXVariantGroup;
			children = (
				32A767CF1FA76B6900B46368 /* Base */,
			);
			name = Main.storyboard;
			sourceTree = "<group>";
		};
		32A767D31FA76B6900B46368 /* LaunchScreen.storyboard */ = {
			isa = PBXVariantGroup;
			children = (
				32A767D41FA76B6900B46368 /* Base */,
			);
			name = LaunchScreen.storyboard;
			sourceTree = "<group>";
		};
/* End PBXVariantGroup section */

/* Begin XCBuildConfiguration section */
		32A767EF1FA76B6900B46368 /* Debug */ = {
			isa = XCBuildConfiguration;
			buildSettings = {
				ALWAYS_SEARCH_USER_PATHS = NO;
				CLANG_ANALYZER_NONNULL = YES;
				CLANG_ANALYZER_NUMBER_OBJECT_CONVERSION = YES_AGGRESSIVE;
				CLANG_CXX_LANGUAGE_STANDARD = "gnu++14";
				CLANG_CXX_LIBRARY = "libc++";
				CLANG_ENABLE_MODULES = YES;
				CLANG_ENABLE_OBJC_ARC = YES;
				CLANG_WARN_BLOCK_CAPTURE_AUTORELEASING = YES;
				CLANG_WARN_BOOL_CONVERSION = YES;
				CLANG_WARN_COMMA = YES;
				CLANG_WARN_CONSTANT_CONVERSION = YES;
				CLANG_WARN_DIRECT_OBJC_ISA_USAGE = YES_ERROR;
				CLANG_WARN_DOCUMENTATION_COMMENTS = YES;
				CLANG_WARN_EMPTY_BODY = YES;
				CLANG_WARN_ENUM_CONVERSION = YES;
				CLANG_WARN_INFINITE_RECURSION = YES;
				CLANG_WARN_INT_CONVERSION = YES;
				CLANG_WARN_NON_LITERAL_NULL_CONVERSION = YES;
				CLANG_WARN_OBJC_LITERAL_CONVERSION = YES;
				CLANG_WARN_OBJC_ROOT_CLASS = YES_ERROR;
				CLANG_WARN_RANGE_LOOP_ANALYSIS = YES;
				CLANG_WARN_STRICT_PROTOTYPES = YES;
				CLANG_WARN_SUSPICIOUS_MOVE = YES;
				CLANG_WARN_UNGUARDED_AVAILABILITY = YES_AGGRESSIVE;
				CLANG_WARN_UNREACHABLE_CODE = YES;
				CLANG_WARN__DUPLICATE_METHOD_MATCH = YES;
				CODE_SIGN_IDENTITY = "iPhone Developer";
				COPY_PHASE_STRIP = NO;
				DEBUG_INFORMATION_FORMAT = dwarf;
				ENABLE_STRICT_OBJC_MSGSEND = YES;
				ENABLE_TESTABILITY = YES;
				GCC_C_LANGUAGE_STANDARD = gnu11;
				GCC_DYNAMIC_NO_PIC = NO;
				GCC_NO_COMMON_BLOCKS = YES;
				GCC_OPTIMIZATION_LEVEL = 0;
				GCC_PREPROCESSOR_DEFINITIONS = (
					"DEBUG=1",
					"$(inherited)",
				);
				GCC_WARN_64_TO_32_BIT_CONVERSION = YES;
				GCC_WARN_ABOUT_RETURN_TYPE = YES_ERROR;
				GCC_WARN_UNDECLARED_SELECTOR = YES;
				GCC_WARN_UNINITIALIZED_AUTOS = YES_AGGRESSIVE;
				GCC_WARN_UNUSED_FUNCTION = YES;
				GCC_WARN_UNUSED_VARIABLE = YES;
				IPHONEOS_DEPLOYMENT_TARGET = 11.0;
				MTL_ENABLE_DEBUG_INFO = YES;
				ONLY_ACTIVE_ARCH = YES;
				SDKROOT = iphoneos;
			};
			name = Debug;
		};
		32A767F01FA76B6900B46368 /* Release */ = {
			isa = XCBuildConfiguration;
			buildSettings = {
				ALWAYS_SEARCH_USER_PATHS = NO;
				CLANG_ANALYZER_NONNULL = YES;
				CLANG_ANALYZER_NUMBER_OBJECT_CONVERSION = YES_AGGRESSIVE;
				CLANG_CXX_LANGUAGE_STANDARD = "gnu++14";
				CLANG_CXX_LIBRARY = "libc++";
				CLANG_ENABLE_MODULES = YES;
				CLANG_ENABLE_OBJC_ARC = YES;
				CLANG_WARN_BLOCK_CAPTURE_AUTORELEASING = YES;
				CLANG_WARN_BOOL_CONVERSION = YES;
				CLANG_WARN_COMMA = YES;
				CLANG_WARN_CONSTANT_CONVERSION = YES;
				CLANG_WARN_DIRECT_OBJC_ISA_USAGE = YES_ERROR;
				CLANG_WARN_DOCUMENTATION_COMMENTS = YES;
				CLANG_WARN_EMPTY_BODY = YES;
				CLANG_WARN_ENUM_CONVERSION = YES;
				CLANG_WARN_INFINITE_RECURSION = YES;
				CLANG_WARN_INT_CONVERSION = YES;
				CLANG_WARN_NON_LITERAL_NULL_CONVERSION = YES;
				CLANG_WARN_OBJC_LITERAL_CONVERSION = YES;
				CLANG_WARN_OBJC_ROOT_CLASS = YES_ERROR;
				CLANG_WARN_RANGE_LOOP_ANALYSIS = YES;
				CLANG_WARN_STRICT_PROTOTYPES = YES;
				CLANG_WARN_SUSPICIOUS_MOVE = YES;
				CLANG_WARN_UNGUARDED_AVAILABILITY = YES_AGGRESSIVE;
				CLANG_WARN_UNREACHABLE_CODE = YES;
				CLANG_WARN__DUPLICATE_METHOD_MATCH = YES;
				CODE_SIGN_IDENTITY = "iPhone Developer";
				COPY_PHASE_STRIP = NO;
				DEBUG_INFORMATION_FORMAT = "dwarf-with-dsym";
				ENABLE_NS_ASSERTIONS = NO;
				ENABLE_STRICT_OBJC_MSGSEND = YES;
				GCC_C_LANGUAGE_STANDARD = gnu11;
				GCC_NO_COMMON_BLOCKS = YES;
				GCC_WARN_64_TO_32_BIT_CONVERSION = YES;
				GCC_WARN_ABOUT_RETURN_TYPE = YES_ERROR;
				GCC_WARN_UNDECLARED_SELECTOR = YES;
				GCC_WARN_UNINITIALIZED_AUTOS = YES_AGGRESSIVE;
				GCC_WARN_UNUSED_FUNCTION = YES;
				GCC_WARN_UNUSED_VARIABLE = YES;
				IPHONEOS_DEPLOYMENT_TARGET = 11.0;
				MTL_ENABLE_DEBUG_INFO = NO;
				SDKROOT = iphoneos;
				VALIDATE_PRODUCT = YES;
			};
			name = Release;
		};
		32A767F21FA76B6900B46368 /* Debug */ = {
			isa = XCBuildConfiguration;
			buildSettings = {
				ASSETCATALOG_COMPILER_APPICON_NAME = AppIcon;
				CODE_SIGN_STYLE = Automatic;
				DEVELOPMENT_TEAM = F3W5PW8F48;
				INFOPLIST_FILE = WBTabbar/Info.plist;
				LD_RUNPATH_SEARCH_PATHS = "$(inherited) @executable_path/Frameworks";
				PRODUCT_BUNDLE_IDENTIFIER = com.WBO.WBTabbar;
				PRODUCT_NAME = "$(TARGET_NAME)";
				TARGETED_DEVICE_FAMILY = "1,2";
			};
			name = Debug;
		};
		32A767F31FA76B6900B46368 /* Release */ = {
			isa = XCBuildConfiguration;
			buildSettings = {
				ASSETCATALOG_COMPILER_APPICON_NAME = AppIcon;
				CODE_SIGN_STYLE = Automatic;
				DEVELOPMENT_TEAM = F3W5PW8F48;
				INFOPLIST_FILE = WBTabbar/Info.plist;
				LD_RUNPATH_SEARCH_PATHS = "$(inherited) @executable_path/Frameworks";
				PRODUCT_BUNDLE_IDENTIFIER = com.WBO.WBTabbar;
				PRODUCT_NAME = "$(TARGET_NAME)";
				TARGETED_DEVICE_FAMILY = "1,2";
			};
			name = Release;
		};
		32A767F51FA76B6900B46368 /* Debug */ = {
			isa = XCBuildConfiguration;
			buildSettings = {
				BUNDLE_LOADER = "$(TEST_HOST)";
				CODE_SIGN_STYLE = Automatic;
				DEVELOPMENT_TEAM = F3W5PW8F48;
				INFOPLIST_FILE = WBTabbarTests/Info.plist;
				LD_RUNPATH_SEARCH_PATHS = "$(inherited) @executable_path/Frameworks @loader_path/Frameworks";
				PRODUCT_BUNDLE_IDENTIFIER = com.WBO.WBTabbarTests;
				PRODUCT_NAME = "$(TARGET_NAME)";
				TARGETED_DEVICE_FAMILY = "1,2";
				TEST_HOST = "$(BUILT_PRODUCTS_DIR)/WBTabbar.app/WBTabbar";
			};
			name = Debug;
		};
		32A767F61FA76B6900B46368 /* Release */ = {
			isa = XCBuildConfiguration;
			buildSettings = {
				BUNDLE_LOADER = "$(TEST_HOST)";
				CODE_SIGN_STYLE = Automatic;
				DEVELOPMENT_TEAM = F3W5PW8F48;
				INFOPLIST_FILE = WBTabbarTests/Info.plist;
				LD_RUNPATH_SEARCH_PATHS = "$(inherited) @executable_path/Frameworks @loader_path/Frameworks";
				PRODUCT_BUNDLE_IDENTIFIER = com.WBO.WBTabbarTests;
				PRODUCT_NAME = "$(TARGET_NAME)";
				TARGETED_DEVICE_FAMILY = "1,2";
				TEST_HOST = "$(BUILT_PRODUCTS_DIR)/WBTabbar.app/WBTabbar";
			};
			name = Release;
		};
		32A767F81FA76B6900B46368 /* Debug */ = {
			isa = XCBuildConfiguration;
			buildSettings = {
				CODE_SIGN_STYLE = Automatic;
				DEVELOPMENT_TEAM = F3W5PW8F48;
				INFOPLIST_FILE = WBTabbarUITests/Info.plist;
				LD_RUNPATH_SEARCH_PATHS = "$(inherited) @executable_path/Frameworks @loader_path/Frameworks";
				PRODUCT_BUNDLE_IDENTIFIER = com.WBO.WBTabbarUITests;
				PRODUCT_NAME = "$(TARGET_NAME)";
				TARGETED_DEVICE_FAMILY = "1,2";
				TEST_TARGET_NAME = WBTabbar;
			};
			name = Debug;
		};
		32A767F91FA76B6900B46368 /* Release */ = {
			isa = XCBuildConfiguration;
			buildSettings = {
				CODE_SIGN_STYLE = Automatic;
				DEVELOPMENT_TEAM = F3W5PW8F48;
				INFOPLIST_FILE = WBTabbarUITests/Info.plist;
				LD_RUNPATH_SEARCH_PATHS = "$(inherited) @executable_path/Frameworks @loader_path/Frameworks";
				PRODUCT_BUNDLE_IDENTIFIER = com.WBO.WBTabbarUITests;
				PRODUCT_NAME = "$(TARGET_NAME)";
				TARGETED_DEVICE_FAMILY = "1,2";
				TEST_TARGET_NAME = WBTabbar;
			};
			name = Release;
		};
/* End XCBuildConfiguration section */

/* Begin XCConfigurationList section */
		32A767C01FA76B6900B46368 /* Build configuration list for PBXProject "WBTabbar" */ = {
			isa = XCConfigurationList;
			buildConfigurations = (
				32A767EF1FA76B6900B46368 /* Debug */,
				32A767F01FA76B6900B46368 /* Release */,
			);
			defaultConfigurationIsVisible = 0;
			defaultConfigurationName = Release;
		};
		32A767F11FA76B6900B46368 /* Build configuration list for PBXNativeTarget "WBTabbar" */ = {
			isa = XCConfigurationList;
			buildConfigurations = (
				32A767F21FA76B6900B46368 /* Debug */,
				32A767F31FA76B6900B46368 /* Release */,
			);
			defaultConfigurationIsVisible = 0;
			defaultConfigurationName = Release;
		};
		32A767F41FA76B6900B46368 /* Build configuration list for PBXNativeTarget "WBTabbarTests" */ = {
			isa = XCConfigurationList;
			buildConfigurations = (
				32A767F51FA76B6900B46368 /* Debug */,
				32A767F61FA76B6900B46368 /* Release */,
			);
			defaultConfigurationIsVisible = 0;
			defaultConfigurationName = Release;
		};
		32A767F71FA76B6900B46368 /* Build configuration list for PBXNativeTarget "WBTabbarUITests" */ = {
			isa = XCConfigurationList;
			buildConfigurations = (
				32A767F81FA76B6900B46368 /* Debug */,
				32A767F91FA76B6900B46368 /* Release */,
			);
			defaultConfigurationIsVisible = 0;
			defaultConfigurationName = Release;
		};
/* End XCConfigurationList section */
	};
	rootObject = 32A767BD1FA76B6900B46368 /* Project object */;
}
